
Microsoft Visual Studio Solution File, Format Version 12.00
# Visual Studio Version 16
VisualStudioVersion = 16.0.30621.155
MinimumVisualStudioVersion = 10.0.40219.1
Project("{9A19103F-16F7-4668-BE54-9A1E7A4F7556}") = "BlazorExamples", "BlazorExamples\BlazorExamples.csproj", "{8722F3AA-3214-46BB-B6AF-3978A83F5939}"
EndProject
Project("{9A19103F-16F7-4668-BE54-9A1E7A4F7556}") = "BlazorExamples.NET5", "BlazorExamples.NET5\BlazorExamples.NET5.csproj", "{364316F2-1425-4481-8E8C-B58EAC2209E7}"
EndProject
Project("{9A19103F-16F7-4668-BE54-9A1E7A4F7556}") = "WASM.Auth.Server", "WASM.Auth\Server\WASM.Auth.Server.csproj", "{0647029A-F6DF-4395-8F80-8F907648F22F}"
EndProject
Project("{9A19103F-16F7-4668-BE54-9A1E7A4F7556}") = "WASM.Auth.Client", "WASM.Auth\Client\WASM.Auth.Client.csproj", "{7A308126-1C94-41ED-A4FE-8227D6D291BE}"
EndProject
Project("{9A19103F-16F7-4668-BE54-9A1E7A4F7556}") = "WASM.Auth.Shared", "WASM.Auth\Shared\WASM.Auth.Shared.csproj", "{F14A8EFC-816D-4FA3-BF14-2EA305E76230}"
EndProject
Project("{FAE04EC0-301F-11D3-BF4B-00C04F79EFBC}") = "WASM.Template.Clear.Server", "WASM.Template.Clear\Server\WASM.Template.Clear.Server.csproj", "{1D4BB25D-3074-4BD6-8FF7-7E51CF3C29DF}"
EndProject
Project("{FAE04EC0-301F-11D3-BF4B-00C04F79EFBC}") = "WASM.Template.Clear.Client", "WASM.Template.Clear\Client\WASM.Template.Clear.Client.csproj", "{72374A2D-E9B5-46C8-A1AA-66E2719EFEDE}"
EndProject
Project("{FAE04EC0-301F-11D3-BF4B-00C04F79EFBC}") = "WASM.Template.Clear.Shared", "WASM.Template.Clear\Shared\WASM.Template.Clear.Shared.csproj", "{C30DCB65-BA5E-418D-8478-2BEE315113C2}"
EndProject
Global
	GlobalSection(SolutionConfigurationPlatforms) = preSolution
		Debug|Any CPU = Debug|Any CPU
		Release|Any CPU = Release|Any CPU
	EndGlobalSection
	GlobalSection(ProjectConfigurationPlatforms) = postSolution
		{8722F3AA-3214-46BB-B6AF-3978A83F5939}.Debug|Any CPU.ActiveCfg = Debug|Any CPU
		{8722F3AA-3214-46BB-B6AF-3978A83F5939}.Debug|Any CPU.Build.0 = Debug|Any CPU
		{8722F3AA-3214-46BB-B6AF-3978A83F5939}.Release|Any CPU.ActiveCfg = Release|Any CPU
		{8722F3AA-3214-46BB-B6AF-3978A83F5939}.Release|Any CPU.Build.0 = Release|Any CPU
		{364316F2-1425-4481-8E8C-B58EAC2209E7}.Debug|Any CPU.ActiveCfg = Debug|Any CPU
		{364316F2-1425-4481-8E8C-B58EAC2209E7}.Debug|Any CPU.Build.0 = Debug|Any CPU
		{364316F2-1425-4481-8E8C-B58EAC2209E7}.Release|Any CPU.ActiveCfg = Release|Any CPU
		{364316F2-1425-4481-8E8C-B58EAC2209E7}.Release|Any CPU.Build.0 = Release|Any CPU
		{0647029A-F6DF-4395-8F80-8F907648F22F}.Debug|Any CPU.ActiveCfg = Debug|Any CPU
		{0647029A-F6DF-4395-8F80-8F907648F22F}.Debug|Any CPU.Build.0 = Debug|Any CPU
		{0647029A-F6DF-4395-8F80-8F907648F22F}.Release|Any CPU.ActiveCfg = Release|Any CPU
		{0647029A-F6DF-4395-8F80-8F907648F22F}.Release|Any CPU.Build.0 = Release|Any CPU
		{7A308126-1C94-41ED-A4FE-8227D6D291BE}.Debug|Any CPU.ActiveCfg = Debug|Any CPU
		{7A308126-1C94-41ED-A4FE-8227D6D291BE}.Debug|Any CPU.Build.0 = Debug|Any CPU
		{7A308126-1C94-41ED-A4FE-8227D6D291BE}.Release|Any CPU.ActiveCfg = Release|Any CPU
		{7A308126-1C94-41ED-A4FE-8227D6D291BE}.Release|Any CPU.Build.0 = Release|Any CPU
		{F14A8EFC-816D-4FA3-BF14-2EA305E76230}.Debug|Any CPU.ActiveCfg = Debug|Any CPU
		{F14A8EFC-816D-4FA3-BF14-2EA305E76230}.Debug|Any CPU.Build.0 = Debug|Any CPU
		{F14A8EFC-816D-4FA3-BF14-2EA305E76230}.Release|Any CPU.ActiveCfg = Release|Any CPU
		{F14A8EFC-816D-4FA3-BF14-2EA305E76230}.Release|Any CPU.Build.0 = Release|Any CPU
		{1D4BB25D-3074-4BD6-8FF7-7E51CF3C29DF}.Debug|Any CPU.ActiveCfg = Debug|Any CPU
		{1D4BB25D-3074-4BD6-8FF7-7E51CF3C29DF}.Debug|Any CPU.Build.0 = Debug|Any CPU
		{1D4BB25D-3074-4BD6-8FF7-7E51CF3C29DF}.Release|Any CPU.ActiveCfg = Release|Any CPU
		{1D4BB25D-3074-4BD6-8FF7-7E51CF3C29DF}.Release|Any CPU.Build.0 = Release|Any CPU
		{72374A2D-E9B5-46C8-A1AA-66E2719EFEDE}.Debug|Any CPU.ActiveCfg = Debug|Any CPU
		{72374A2D-E9B5-46C8-A1AA-66E2719EFEDE}.Debug|Any CPU.Build.0 = Debug|Any CPU
		{72374A2D-E9B5-46C8-A1AA-66E2719EFEDE}.Release|Any CPU.ActiveCfg = Release|Any CPU
		{72374A2D-E9B5-46C8-A1AA-66E2719EFEDE}.Release|Any CPU.Build.0 = Release|Any CPU
		{C30DCB65-BA5E-418D-8478-2BEE315113C2}.Debug|Any CPU.ActiveCfg = Debug|Any CPU
		{C30DCB65-BA5E-418D-8478-2BEE315113C2}.Debug|Any CPU.Build.0 = Debug|Any CPU
		{C30DCB65-BA5E-418D-8478-2BEE315113C2}.Release|Any CPU.ActiveCfg = Release|Any CPU
		{C30DCB65-BA5E-418D-8478-2BEE315113C2}.Release|Any CPU.Build.0 = Release|Any CPU
	EndGlobalSection
	GlobalSection(SolutionProperties) = preSolution
		HideSolutionNode = FALSE
	EndGlobalSection
	GlobalSection(ExtensibilityGlobals) = postSolution
		SolutionGuid = {1DAD8711-1EA7-4268-B109-602B91CAAD94}
	EndGlobalSection
EndGlobal
